// !$*UTF8*$!
{
	archiveVersion = 1;
	classes = {
	};
	objectVersion = 55;
	objects = {

/* Begin PBXBuildFile section */
		1BD30365284C9EDB004851A7 /* AppDelegate.swift in Sources */ = {isa = PBXBuildFile; fileRef = 1BD30364284C9EDB004851A7 /* AppDelegate.swift */; };
		1BD30367284C9EDB004851A7 /* SceneDelegate.swift in Sources */ = {isa = PBXBuildFile; fileRef = 1BD30366284C9EDB004851A7 /* SceneDelegate.swift */; };
		1BD30369284C9EDB004851A7 /* ViewController.swift in Sources */ = {isa = PBXBuildFile; fileRef = 1BD30368284C9EDB004851A7 /* ViewController.swift */; };
		1BD3036E284C9EDC004851A7 /* Assets.xcassets in Resources */ = {isa = PBXBuildFile; fileRef = 1BD3036D284C9EDC004851A7 /* Assets.xcassets */; };
		1BD30371284C9EDC004851A7 /* LaunchScreen.storyboard in Resources */ = {isa = PBXBuildFile; fileRef = 1BD3036F284C9EDC004851A7 /* LaunchScreen.storyboard */; };
		1BD30386284CA0E4004851A7 /* SnapKit in Frameworks */ = {isa = PBXBuildFile; productRef = 1BD30385284CA0E4004851A7 /* SnapKit */; };
		1BD30388284CA4ED004851A7 /* APIService.swift in Sources */ = {isa = PBXBuildFile; fileRef = 1BD30387284CA4ED004851A7 /* APIService.swift */; };
		1BD3038A284CAAE9004851A7 /* Cast.swift in Sources */ = {isa = PBXBuildFile; fileRef = 1BD30389284CAAE9004851A7 /* Cast.swift */; };
		1BD3038C284CB21A004851A7 /* UITableViewCell+Extention.swift in Sources */ = {isa = PBXBuildFile; fileRef = 1BD3038B284CB21A004851A7 /* UITableViewCell+Extention.swift */; };
		1BD3038E284CB75B004851A7 /* DummyViewController.swift in Sources */ = {isa = PBXBuildFile; fileRef = 1BD3038D284CB75B004851A7 /* DummyViewController.swift */; };
		1BD30390284CB7F4004851A7 /* DummyData.swift in Sources */ = {isa = PBXBuildFile; fileRef = 1BD3038F284CB7F4004851A7 /* DummyData.swift */; };
		1BD30392284CB8B4004851A7 /* TableViewCellRepresentable.swift in Sources */ = {isa = PBXBuildFile; fileRef = 1BD30391284CB8B4004851A7 /* TableViewCellRepresentable.swift */; };
		1BD30394284CE6D9004851A7 /* BaseViewController.swift in Sources */ = {isa = PBXBuildFile; fileRef = 1BD30393284CE6D9004851A7 /* BaseViewController.swift */; };
		1BD30397284CE7D3004851A7 /* NASAViewController.swift in Sources */ = {isa = PBXBuildFile; fileRef = 1BD30396284CE7D3004851A7 /* NASAViewController.swift */; };
		1BD3039D284CE8A7004851A7 /* SignViewController.swift in Sources */ = {isa = PBXBuildFile; fileRef = 1BD3039C284CE8A7004851A7 /* SignViewController.swift */; };
		1BD3039F284CE8DF004851A7 /* SignView.swift in Sources */ = {isa = PBXBuildFile; fileRef = 1BD3039E284CE8DF004851A7 /* SignView.swift */; };
		1BD303A2284D9815004851A7 /* Alamofire in Frameworks */ = {isa = PBXBuildFile; productRef = 1BD303A1284D9815004851A7 /* Alamofire */; };
		1BD303A5284D9822004851A7 /* Then in Frameworks */ = {isa = PBXBuildFile; productRef = 1BD303A4284D9822004851A7 /* Then */; };
		1BD303A7284D9B75004851A7 /* SignViewModel.swift in Sources */ = {isa = PBXBuildFile; fileRef = 1BD303A6284D9B75004851A7 /* SignViewModel.swift */; };
		1BD30420284DAD6D004851A7 /* FrameworkViewController.swift in Sources */ = {isa = PBXBuildFile; fileRef = 1BD3041F284DAD6D004851A7 /* FrameworkViewController.swift */; };
		1BD30434284DC4AF004851A7 /* MyFramework.framework in Frameworks */ = {isa = PBXBuildFile; fileRef = 1BD30431284DC491004851A7 /* MyFramework.framework */; };
		1BD30435284DC4AF004851A7 /* MyFramework.framework in Embed Frameworks */ = {isa = PBXBuildFile; fileRef = 1BD30431284DC491004851A7 /* MyFramework.framework */; settings = {ATTRIBUTES = (CodeSignOnCopy, RemoveHeadersOnCopy, ); }; };
/* End PBXBuildFile section */

/* Begin PBXContainerItemProxy section */
		1BD30430284DC491004851A7 /* PBXContainerItemProxy */ = {
			isa = PBXContainerItemProxy;
			containerPortal = 1BD3042B284DC490004851A7 /* MyFramework.xcodeproj */;
			proxyType = 2;
			remoteGlobalIDString = 1BD303EC284DAD11004851A7;
			remoteInfo = MyFramework;
		};
		1BD30432284DC491004851A7 /* PBXContainerItemProxy */ = {
			isa = PBXContainerItemProxy;
			containerPortal = 1BD3042B284DC490004851A7 /* MyFramework.xcodeproj */;
			proxyType = 2;
			remoteGlobalIDString = 1BD303F6284DAD11004851A7;
			remoteInfo = MyFrameworkTests;
		};
/* End PBXContainerItemProxy section */

/* Begin PBXCopyFilesBuildPhase section */
		1BD30436284DC4AF004851A7 /* Embed Frameworks */ = {
			isa = PBXCopyFilesBuildPhase;
			buildActionMask = 2147483647;
			dstPath = "";
			dstSubfolderSpec = 10;
			files = (
				1BD30435284DC4AF004851A7 /* MyFramework.framework in Embed Frameworks */,
			);
			name = "Embed Frameworks";
			runOnlyForDeploymentPostprocessing = 0;
		};
/* End PBXCopyFilesBuildPhase section */

/* Begin PBXFileReference section */
		1BD30361284C9EDB004851A7 /* My13Week.app */ = {isa = PBXFileReference; explicitFileType = wrapper.application; includeInIndex = 0; path = My13Week.app; sourceTree = BUILT_PRODUCTS_DIR; };
		1BD30364284C9EDB004851A7 /* AppDelegate.swift */ = {isa = PBXFileReference; lastKnownFileType = sourcecode.swift; path = AppDelegate.swift; sourceTree = "<group>"; };
		1BD30366284C9EDB004851A7 /* SceneDelegate.swift */ = {isa = PBXFileReference; lastKnownFileType = sourcecode.swift; path = SceneDelegate.swift; sourceTree = "<group>"; };
		1BD30368284C9EDB004851A7 /* ViewController.swift */ = {isa = PBXFileReference; lastKnownFileType = sourcecode.swift; path = ViewController.swift; sourceTree = "<group>"; };
		1BD3036D284C9EDC004851A7 /* Assets.xcassets */ = {isa = PBXFileReference; lastKnownFileType = folder.assetcatalog; path = Assets.xcassets; sourceTree = "<group>"; };
		1BD30370284C9EDC004851A7 /* Base */ = {isa = PBXFileReference; lastKnownFileType = file.storyboard; name = Base; path = Base.lproj/LaunchScreen.storyboard; sourceTree = "<group>"; };
		1BD30372284C9EDC004851A7 /* Info.plist */ = {isa = PBXFileReference; lastKnownFileType = text.plist.xml; path = Info.plist; sourceTree = "<group>"; };
		1BD30387284CA4ED004851A7 /* APIService.swift */ = {isa = PBXFileReference; lastKnownFileType = sourcecode.swift; path = APIService.swift; sourceTree = "<group>"; };
		1BD30389284CAAE9004851A7 /* Cast.swift */ = {isa = PBXFileReference; lastKnownFileType = sourcecode.swift; path = Cast.swift; sourceTree = "<group>"; };
		1BD3038B284CB21A004851A7 /* UITableViewCell+Extention.swift */ = {isa = PBXFileReference; lastKnownFileType = sourcecode.swift; path = "UITableViewCell+Extention.swift"; sourceTree = "<group>"; };
		1BD3038D284CB75B004851A7 /* DummyViewController.swift */ = {isa = PBXFileReference; lastKnownFileType = sourcecode.swift; path = DummyViewController.swift; sourceTree = "<group>"; };
		1BD3038F284CB7F4004851A7 /* DummyData.swift */ = {isa = PBXFileReference; lastKnownFileType = sourcecode.swift; path = DummyData.swift; sourceTree = "<group>"; };
		1BD30391284CB8B4004851A7 /* TableViewCellRepresentable.swift */ = {isa = PBXFileReference; lastKnownFileType = sourcecode.swift; path = TableViewCellRepresentable.swift; sourceTree = "<group>"; };
		1BD30393284CE6D9004851A7 /* BaseViewController.swift */ = {isa = PBXFileReference; lastKnownFileType = sourcecode.swift; path = BaseViewController.swift; sourceTree = "<group>"; };
		1BD30396284CE7D3004851A7 /* NASAViewController.swift */ = {isa = PBXFileReference; lastKnownFileType = sourcecode.swift; path = NASAViewController.swift; sourceTree = "<group>"; };
		1BD3039C284CE8A7004851A7 /* SignViewController.swift */ = {isa = PBXFileReference; lastKnownFileType = sourcecode.swift; path = SignViewController.swift; sourceTree = "<group>"; };
		1BD3039E284CE8DF004851A7 /* SignView.swift */ = {isa = PBXFileReference; lastKnownFileType = sourcecode.swift; path = SignView.swift; sourceTree = "<group>"; };
		1BD303A6284D9B75004851A7 /* SignViewModel.swift */ = {isa = PBXFileReference; lastKnownFileType = sourcecode.swift; path = SignViewModel.swift; sourceTree = "<group>"; };
		1BD3041F284DAD6D004851A7 /* FrameworkViewController.swift */ = {isa = PBXFileReference; lastKnownFileType = sourcecode.swift; path = FrameworkViewController.swift; sourceTree = "<group>"; };
		1BD30421284DC3D2004851A7 /* XCTest.framework */ = {isa = PBXFileReference; lastKnownFileType = wrapper.framework; name = XCTest.framework; path = Platforms/iPhoneOS.platform/Developer/Library/Frameworks/XCTest.framework; sourceTree = DEVELOPER_DIR; };
		1BD3042B284DC490004851A7 /* MyFramework.xcodeproj */ = {isa = PBXFileReference; lastKnownFileType = "wrapper.pb-project"; name = MyFramework.xcodeproj; path = ../MyFramework/MyFramework.xcodeproj; sourceTree = "<group>"; };
/* End PBXFileReference section */

/* Begin PBXFrameworksBuildPhase section */
		1BD3035E284C9EDB004851A7 /* Frameworks */ = {
			isa = PBXFrameworksBuildPhase;
			buildActionMask = 2147483647;
			files = (
				1BD303A2284D9815004851A7 /* Alamofire in Frameworks */,
				1BD30434284DC4AF004851A7 /* MyFramework.framework in Frameworks */,
				1BD30386284CA0E4004851A7 /* SnapKit in Frameworks */,
				1BD303A5284D9822004851A7 /* Then in Frameworks */,
			);
			runOnlyForDeploymentPostprocessing = 0;
		};
/* End PBXFrameworksBuildPhase section */

/* Begin PBXGroup section */
		1BD30358284C9EDB004851A7 = {
			isa = PBXGroup;
			children = (
				1BD3042B284DC490004851A7 /* MyFramework.xcodeproj */,
				1BD30363284C9EDB004851A7 /* My13Week */,
				1BD30362284C9EDB004851A7 /* Products */,
				1BD3041B284DAD40004851A7 /* Frameworks */,
			);
			sourceTree = "<group>";
		};
		1BD30362284C9EDB004851A7 /* Products */ = {
			isa = PBXGroup;
			children = (
				1BD30361284C9EDB004851A7 /* My13Week.app */,
			);
			name = Products;
			sourceTree = "<group>";
		};
		1BD30363284C9EDB004851A7 /* My13Week */ = {
			isa = PBXGroup;
			children = (
				1BD3039B284CE898004851A7 /* Sign */,
				1BD30395284CE7C2004851A7 /* NASA */,
				1BD30364284C9EDB004851A7 /* AppDelegate.swift */,
				1BD30366284C9EDB004851A7 /* SceneDelegate.swift */,
				1BD30368284C9EDB004851A7 /* ViewController.swift */,
				1BD3038D284CB75B004851A7 /* DummyViewController.swift */,
				1BD30393284CE6D9004851A7 /* BaseViewController.swift */,
				1BD3038F284CB7F4004851A7 /* DummyData.swift */,
				1BD30391284CB8B4004851A7 /* TableViewCellRepresentable.swift */,
				1BD3038B284CB21A004851A7 /* UITableViewCell+Extention.swift */,
				1BD3036D284C9EDC004851A7 /* Assets.xcassets */,
				1BD3036F284C9EDC004851A7 /* LaunchScreen.storyboard */,
				1BD30372284C9EDC004851A7 /* Info.plist */,
				1BD30387284CA4ED004851A7 /* APIService.swift */,
				1BD30389284CAAE9004851A7 /* Cast.swift */,
				1BD3041F284DAD6D004851A7 /* FrameworkViewController.swift */,
			);
			path = My13Week;
			sourceTree = "<group>";
		};
		1BD30395284CE7C2004851A7 /* NASA */ = {
			isa = PBXGroup;
			children = (
				1BD30396284CE7D3004851A7 /* NASAViewController.swift */,
			);
			path = NASA;
			sourceTree = "<group>";
		};
		1BD3039B284CE898004851A7 /* Sign */ = {
			isa = PBXGroup;
			children = (
				1BD3039C284CE8A7004851A7 /* SignViewController.swift */,
				1BD3039E284CE8DF004851A7 /* SignView.swift */,
				1BD303A6284D9B75004851A7 /* SignViewModel.swift */,
			);
			path = Sign;
			sourceTree = "<group>";
		};
		1BD3041B284DAD40004851A7 /* Frameworks */ = {
			isa = PBXGroup;
			children = (
				1BD30421284DC3D2004851A7 /* XCTest.framework */,
			);
			name = Frameworks;
			sourceTree = "<group>";
		};
		1BD3042C284DC490004851A7 /* Products */ = {
			isa = PBXGroup;
			children = (
				1BD30431284DC491004851A7 /* MyFramework.framework */,
				1BD30433284DC491004851A7 /* MyFrameworkTests.xctest */,
			);
			name = Products;
			sourceTree = "<group>";
		};
/* End PBXGroup section */

/* Begin PBXNativeTarget section */
		1BD30360284C9EDB004851A7 /* My13Week */ = {
			isa = PBXNativeTarget;
			buildConfigurationList = 1BD30375284C9EDC004851A7 /* Build configuration list for PBXNativeTarget "My13Week" */;
			buildPhases = (
				1BD3035D284C9EDB004851A7 /* Sources */,
				1BD3035E284C9EDB004851A7 /* Frameworks */,
				1BD3035F284C9EDB004851A7 /* Resources */,
				1BD30436284DC4AF004851A7 /* Embed Frameworks */,
			);
			buildRules = (
			);
			dependencies = (
			);
			name = My13Week;
			packageProductDependencies = (
				1BD30385284CA0E4004851A7 /* SnapKit */,
				1BD303A1284D9815004851A7 /* Alamofire */,
				1BD303A4284D9822004851A7 /* Then */,
			);
			productName = My13Week;
			productReference = 1BD30361284C9EDB004851A7 /* My13Week.app */;
			productType = "com.apple.product-type.application";
		};
/* End PBXNativeTarget section */

/* Begin PBXProject section */
		1BD30359284C9EDB004851A7 /* Project object */ = {
			isa = PBXProject;
			attributes = {
				BuildIndependentTargetsInParallel = 1;
				LastSwiftUpdateCheck = 1330;
				LastUpgradeCheck = 1330;
				TargetAttributes = {
					1BD30360284C9EDB004851A7 = {
						CreatedOnToolsVersion = 13.3.1;
					};
				};
			};
			buildConfigurationList = 1BD3035C284C9EDB004851A7 /* Build configuration list for PBXProject "My13Week" */;
			compatibilityVersion = "Xcode 13.0";
			developmentRegion = en;
			hasScannedForEncodings = 0;
			knownRegions = (
				en,
				Base,
			);
			mainGroup = 1BD30358284C9EDB004851A7;
			packageReferences = (
				1BD30384284CA0E4004851A7 /* XCRemoteSwiftPackageReference "SnapKit" */,
				1BD303A0284D9815004851A7 /* XCRemoteSwiftPackageReference "Alamofire" */,
				1BD303A3284D9822004851A7 /* XCRemoteSwiftPackageReference "Then" */,
			);
			productRefGroup = 1BD30362284C9EDB004851A7 /* Products */;
			projectDirPath = "";
			projectReferences = (
				{
					ProductGroup = 1BD3042C284DC490004851A7 /* Products */;
					ProjectRef = 1BD3042B284DC490004851A7 /* MyFramework.xcodeproj */;
				},
			);
			projectRoot = "";
			targets = (
				1BD30360284C9EDB004851A7 /* My13Week */,
			);
		};
/* End PBXProject section */

/* Begin PBXReferenceProxy section */
		1BD30431284DC491004851A7 /* MyFramework.framework */ = {
			isa = PBXReferenceProxy;
			fileType = wrapper.framework;
			path = MyFramework.framework;
			remoteRef = 1BD30430284DC491004851A7 /* PBXContainerItemProxy */;
			sourceTree = BUILT_PRODUCTS_DIR;
		};
		1BD30433284DC491004851A7 /* MyFrameworkTests.xctest */ = {
			isa = PBXReferenceProxy;
			fileType = wrapper.cfbundle;
			path = MyFrameworkTests.xctest;
			remoteRef = 1BD30432284DC491004851A7 /* PBXContainerItemProxy */;
			sourceTree = BUILT_PRODUCTS_DIR;
		};
/* End PBXReferenceProxy section */

/* Begin PBXResourcesBuildPhase section */
		1BD3035F284C9EDB004851A7 /* Resources */ = {
			isa = PBXResourcesBuildPhase;
			buildActionMask = 2147483647;
			files = (
				1BD30371284C9EDC004851A7 /* LaunchScreen.storyboard in Resources */,
				1BD3036E284C9EDC004851A7 /* Assets.xcassets in Resources */,
			);
			runOnlyForDeploymentPostprocessing = 0;
		};
/* End PBXResourcesBuildPhase section */

/* Begin PBXSourcesBuildPhase section */
		1BD3035D284C9EDB004851A7 /* Sources */ = {
			isa = PBXSourcesBuildPhase;
			buildActionMask = 2147483647;
			files = (
				1BD30392284CB8B4004851A7 /* TableViewCellRepresentable.swift in Sources */,
				1BD30420284DAD6D004851A7 /* FrameworkViewController.swift in Sources */,
				1BD303A7284D9B75004851A7 /* SignViewModel.swift in Sources */,
				1BD30390284CB7F4004851A7 /* DummyData.swift in Sources */,
				1BD3038E284CB75B004851A7 /* DummyViewController.swift in Sources */,
				1BD30369284C9EDB004851A7 /* ViewController.swift in Sources */,
				1BD30365284C9EDB004851A7 /* AppDelegate.swift in Sources */,
				1BD30394284CE6D9004851A7 /* BaseViewController.swift in Sources */,
				1BD3038A284CAAE9004851A7 /* Cast.swift in Sources */,
				1BD3039D284CE8A7004851A7 /* SignViewController.swift in Sources */,
				1BD30388284CA4ED004851A7 /* APIService.swift in Sources */,
				1BD3039F284CE8DF004851A7 /* SignView.swift in Sources */,
				1BD30397284CE7D3004851A7 /* NASAViewController.swift in Sources */,
				1BD3038C284CB21A004851A7 /* UITableViewCell+Extention.swift in Sources */,
				1BD30367284C9EDB004851A7 /* SceneDelegate.swift in Sources */,
			);
			runOnlyForDeploymentPostprocessing = 0;
		};
/* End PBXSourcesBuildPhase section */

/* Begin PBXVariantGroup section */
		1BD3036F284C9EDC004851A7 /* LaunchScreen.storyboard */ = {
			isa = PBXVariantGroup;
			children = (
				1BD30370284C9EDC004851A7 /* Base */,
			);
			name = LaunchScreen.storyboard;
			sourceTree = "<group>";
		};
/* End PBXVariantGroup section */

/* Begin XCBuildConfiguration section */
		1BD30373284C9EDC004851A7 /* Debug */ = {
			isa = XCBuildConfiguration;
			buildSettings = {
				ALWAYS_SEARCH_USER_PATHS = NO;
				CLANG_ANALYZER_NONNULL = YES;
				CLANG_ANALYZER_NUMBER_OBJECT_CONVERSION = YES_AGGRESSIVE;
				CLANG_CXX_LANGUAGE_STANDARD = "gnu++17";
				CLANG_ENABLE_MODULES = YES;
				CLANG_ENABLE_OBJC_ARC = YES;
				CLANG_ENABLE_OBJC_WEAK = YES;
				CLANG_WARN_BLOCK_CAPTURE_AUTORELEASING = YES;
				CLANG_WARN_BOOL_CONVERSION = YES;
				CLANG_WARN_COMMA = YES;
				CLANG_WARN_CONSTANT_CONVERSION = YES;
				CLANG_WARN_DEPRECATED_OBJC_IMPLEMENTATIONS = YES;
				CLANG_WARN_DIRECT_OBJC_ISA_USAGE = YES_ERROR;
				CLANG_WARN_DOCUMENTATION_COMMENTS = YES;
				CLANG_WARN_EMPTY_BODY = YES;
				CLANG_WARN_ENUM_CONVERSION = YES;
				CLANG_WARN_INFINITE_RECURSION = YES;
				CLANG_WARN_INT_CONVERSION = YES;
				CLANG_WARN_NON_LITERAL_NULL_CONVERSION = YES;
				CLANG_WARN_OBJC_IMPLICIT_RETAIN_SELF = YES;
				CLANG_WARN_OBJC_LITERAL_CONVERSION = YES;
				CLANG_WARN_OBJC_ROOT_CLASS = YES_ERROR;
				CLANG_WARN_QUOTED_INCLUDE_IN_FRAMEWORK_HEADER = YES;
				CLANG_WARN_RANGE_LOOP_ANALYSIS = YES;
				CLANG_WARN_STRICT_PROTOTYPES = YES;
				CLANG_WARN_SUSPICIOUS_MOVE = YES;
				CLANG_WARN_UNGUARDED_AVAILABILITY = YES_AGGRESSIVE;
				CLANG_WARN_UNREACHABLE_CODE = YES;
				CLANG_WARN__DUPLICATE_METHOD_MATCH = YES;
				COPY_PHASE_STRIP = NO;
				DEBUG_INFORMATION_FORMAT = dwarf;
				ENABLE_STRICT_OBJC_MSGSEND = YES;
				ENABLE_TESTABILITY = YES;
				GCC_C_LANGUAGE_STANDARD = gnu11;
				GCC_DYNAMIC_NO_PIC = NO;
				GCC_NO_COMMON_BLOCKS = YES;
				GCC_OPTIMIZATION_LEVEL = 0;
				GCC_PREPROCESSOR_DEFINITIONS = (
					"DEBUG=1",
					"$(inherited)",
				);
				GCC_WARN_64_TO_32_BIT_CONVERSION = YES;
				GCC_WARN_ABOUT_RETURN_TYPE = YES_ERROR;
				GCC_WARN_UNDECLARED_SELECTOR = YES;
				GCC_WARN_UNINITIALIZED_AUTOS = YES_AGGRESSIVE;
				GCC_WARN_UNUSED_FUNCTION = YES;
				GCC_WARN_UNUSED_VARIABLE = YES;
				IPHONEOS_DEPLOYMENT_TARGET = 15.4;
				MTL_ENABLE_DEBUG_INFO = INCLUDE_SOURCE;
				MTL_FAST_MATH = YES;
				ONLY_ACTIVE_ARCH = YES;
				SDKROOT = iphoneos;
				SWIFT_ACTIVE_COMPILATION_CONDITIONS = DEBUG;
				SWIFT_OPTIMIZATION_LEVEL = "-Onone";
			};
			name = Debug;
		};
		1BD30374284C9EDC004851A7 /* Release */ = {
			isa = XCBuildConfiguration;
			buildSettings = {
				ALWAYS_SEARCH_USER_PATHS = NO;
				CLANG_ANALYZER_NONNULL = YES;
				CLANG_ANALYZER_NUMBER_OBJECT_CONVERSION = YES_AGGRESSIVE;
				CLANG_CXX_LANGUAGE_STANDARD = "gnu++17";
				CLANG_ENABLE_MODULES = YES;
				CLANG_ENABLE_OBJC_ARC = YES;
				CLANG_ENABLE_OBJC_WEAK = YES;
				CLANG_WARN_BLOCK_CAPTURE_AUTORELEASING = YES;
				CLANG_WARN_BOOL_CONVERSION = YES;
				CLANG_WARN_COMMA = YES;
				CLANG_WARN_CONSTANT_CONVERSION = YES;
				CLANG_WARN_DEPRECATED_OBJC_IMPLEMENTATIONS = YES;
				CLANG_WARN_DIRECT_OBJC_ISA_USAGE = YES_ERROR;
				CLANG_WARN_DOCUMENTATION_COMMENTS = YES;
				CLANG_WARN_EMPTY_BODY = YES;
				CLANG_WARN_ENUM_CONVERSION = YES;
				CLANG_WARN_INFINITE_RECURSION = YES;
				CLANG_WARN_INT_CONVERSION = YES;
				CLANG_WARN_NON_LITERAL_NULL_CONVERSION = YES;
				CLANG_WARN_OBJC_IMPLICIT_RETAIN_SELF = YES;
				CLANG_WARN_OBJC_LITERAL_CONVERSION = YES;
				CLANG_WARN_OBJC_ROOT_CLASS = YES_ERROR;
				CLANG_WARN_QUOTED_INCLUDE_IN_FRAMEWORK_HEADER = YES;
				CLANG_WARN_RANGE_LOOP_ANALYSIS = YES;
				CLANG_WARN_STRICT_PROTOTYPES = YES;
				CLANG_WARN_SUSPICIOUS_MOVE = YES;
				CLANG_WARN_UNGUARDED_AVAILABILITY = YES_AGGRESSIVE;
				CLANG_WARN_UNREACHABLE_CODE = YES;
				CLANG_WARN__DUPLICATE_METHOD_MATCH = YES;
				COPY_PHASE_STRIP = NO;
				DEBUG_INFORMATION_FORMAT = "dwarf-with-dsym";
				ENABLE_NS_ASSERTIONS = NO;
				ENABLE_STRICT_OBJC_MSGSEND = YES;
				GCC_C_LANGUAGE_STANDARD = gnu11;
				GCC_NO_COMMON_BLOCKS = YES;
				GCC_WARN_64_TO_32_BIT_CONVERSION = YES;
				GCC_WARN_ABOUT_RETURN_TYPE = YES_ERROR;
				GCC_WARN_UNDECLARED_SELECTOR = YES;
				GCC_WARN_UNINITIALIZED_AUTOS = YES_AGGRESSIVE;
				GCC_WARN_UNUSED_FUNCTION = YES;
				GCC_WARN_UNUSED_VARIABLE = YES;
				IPHONEOS_DEPLOYMENT_TARGET = 15.4;
				MTL_ENABLE_DEBUG_INFO = NO;
				MTL_FAST_MATH = YES;
				SDKROOT = iphoneos;
				SWIFT_COMPILATION_MODE = wholemodule;
				SWIFT_OPTIMIZATION_LEVEL = "-O";
				VALIDATE_PRODUCT = YES;
			};
			name = Release;
		};
		1BD30376284C9EDC004851A7 /* Debug */ = {
			isa = XCBuildConfiguration;
			buildSettings = {
				ASSETCATALOG_COMPILER_APPICON_NAME = AppIcon;
				ASSETCATALOG_COMPILER_GLOBAL_ACCENT_COLOR_NAME = AccentColor;
				CODE_SIGN_STYLE = Automatic;
				CURRENT_PROJECT_VERSION = 1;
				GENERATE_INFOPLIST_FILE = YES;
				INFOPLIST_FILE = My13Week/Info.plist;
				INFOPLIST_KEY_UIApplicationSupportsIndirectInputEvents = YES;
				INFOPLIST_KEY_UILaunchStoryboardName = LaunchScreen;
				INFOPLIST_KEY_UISupportedInterfaceOrientations_iPad = "UIInterfaceOrientationPortrait UIInterfaceOrientationPortraitUpsideDown UIInterfaceOrientationLandscapeLeft UIInterfaceOrientationLandscapeRight";
				INFOPLIST_KEY_UISupportedInterfaceOrientations_iPhone = "UIInterfaceOrientationPortrait UIInterfaceOrientationLandscapeLeft UIInterfaceOrientationLandscapeRight";
				LD_RUNPATH_SEARCH_PATHS = (
					"$(inherited)",
					"@executable_path/Frameworks",
				);
				MARKETING_VERSION = 1.0;
				PRODUCT_BUNDLE_IDENTIFIER = com.bro.My13Week;
				PRODUCT_NAME = "$(TARGET_NAME)";
				SWIFT_EMIT_LOC_STRINGS = YES;
				SWIFT_VERSION = 5.0;
				TARGETED_DEVICE_FAMILY = "1,2";
			};
			name = Debug;
		};
		1BD30377284C9EDC004851A7 /* Release */ = {
			isa = XCBuildConfiguration;
			buildSettings = {
				ASSETCATALOG_COMPILER_APPICON_NAME = AppIcon;
				ASSETCATALOG_COMPILER_GLOBAL_ACCENT_COLOR_NAME = AccentColor;
				CODE_SIGN_STYLE = Automatic;
				CURRENT_PROJECT_VERSION = 1;
				GENERATE_INFOPLIST_FILE = YES;
				INFOPLIST_FILE = My13Week/Info.plist;
				INFOPLIST_KEY_UIApplicationSupportsIndirectInputEvents = YES;
				INFOPLIST_KEY_UILaunchStoryboardName = LaunchScreen;
				INFOPLIST_KEY_UISupportedInterfaceOrientations_iPad = "UIInterfaceOrientationPortrait UIInterfaceOrientationPortraitUpsideDown UIInterfaceOrientationLandscapeLeft UIInterfaceOrientationLandscapeRight";
				INFOPLIST_KEY_UISupportedInterfaceOrientations_iPhone = "UIInterfaceOrientationPortrait UIInterfaceOrientationLandscapeLeft UIInterfaceOrientationLandscapeRight";
				LD_RUNPATH_SEARCH_PATHS = (
					"$(inherited)",
					"@executable_path/Frameworks",
				);
				MARKETING_VERSION = 1.0;
				PRODUCT_BUNDLE_IDENTIFIER = com.bro.My13Week;
				PRODUCT_NAME = "$(TARGET_NAME)";
				SWIFT_EMIT_LOC_STRINGS = YES;
				SWIFT_VERSION = 5.0;
				TARGETED_DEVICE_FAMILY = "1,2";
			};
			name = Release;
		};
/* End XCBuildConfiguration section */

/* Begin XCConfigurationList section */
		1BD3035C284C9EDB004851A7 /* Build configuration list for PBXProject "My13Week" */ = {
			isa = XCConfigurationList;
			buildConfigurations = (
				1BD30373284C9EDC004851A7 /* Debug */,
				1BD30374284C9EDC004851A7 /* Release */,
			);
			defaultConfigurationIsVisible = 0;
			defaultConfigurationName = Release;
		};
		1BD30375284C9EDC004851A7 /* Build configuration list for PBXNativeTarget "My13Week" */ = {
			isa = XCConfigurationList;
			buildConfigurations = (
				1BD30376284C9EDC004851A7 /* Debug */,
				1BD30377284C9EDC004851A7 /* Release */,
			);
			defaultConfigurationIsVisible = 0;
			defaultConfigurationName = Release;
		};
/* End XCConfigurationList section */

/* Begin XCRemoteSwiftPackageReference section */
		1BD30384284CA0E4004851A7 /* XCRemoteSwiftPackageReference "SnapKit" */ = {
			isa = XCRemoteSwiftPackageReference;
			repositoryURL = "https://github.com/SnapKit/SnapKit.git";
			requirement = {
				branch = develop;
				kind = branch;
			};
		};
		1BD303A0284D9815004851A7 /* XCRemoteSwiftPackageReference "Alamofire" */ = {
			isa = XCRemoteSwiftPackageReference;
			repositoryURL = "https://github.com/Alamofire/Alamofire.git";
			requirement = {
				branch = master;
				kind = branch;
			};
		};
		1BD303A3284D9822004851A7 /* XCRemoteSwiftPackageReference "Then" */ = {
			isa = XCRemoteSwiftPackageReference;
			repositoryURL = "https://github.com/devxoul/Then.git";
			requirement = {
				branch = master;
				kind = branch;
			};
		};
/* End XCRemoteSwiftPackageReference section */

/* Begin XCSwiftPackageProductDependency section */
		1BD30385284CA0E4004851A7 /* SnapKit */ = {
			isa = XCSwiftPackageProductDependency;
			package = 1BD30384284CA0E4004851A7 /* XCRemoteSwiftPackageReference "SnapKit" */;
			productName = SnapKit;
		};
		1BD303A1284D9815004851A7 /* Alamofire */ = {
			isa = XCSwiftPackageProductDependency;
			package = 1BD303A0284D9815004851A7 /* XCRemoteSwiftPackageReference "Alamofire" */;
			productName = Alamofire;
		};
		1BD303A4284D9822004851A7 /* Then */ = {
			isa = XCSwiftPackageProductDependency;
			package = 1BD303A3284D9822004851A7 /* XCRemoteSwiftPackageReference "Then" */;
			productName = Then;
		};
/* End XCSwiftPackageProductDependency section */
	};
	rootObject = 1BD30359284C9EDB004851A7 /* Project object */;
}
